schema: '2.0'
stages:
  prepare_base_model:
    cmd: set PYTHONPATH=. && python src/cnnClassifier/pipeline/stage_02_prepare_base_model.py
    deps:
    - path: config/config.yaml
      hash: md5
      md5: e1122f160903e9ed5b26586520449e74
      size: 602
    - path: src/cnnClassifier/pipeline/stage_02_prepare_base_model.py
      hash: md5
      md5: 3393b69563ea04c6e92acd35331d27ce
      size: 993
    params:
      params.yaml:
        CLASSES: 2
        IMAGE_SIZE:
        - 224
        - 224
        - 3
        INCLUDE_TOP: false
        LEARNING_RATE: 0.001
        WEIGHTS: imagenet
    outs:
    - path: artifacts/prepare_base_model
      hash: md5
      md5: 557b3fc74e44a1f153193eab0c804b73.dir
      size: 117972870
      nfiles: 2
  data_ingestion:
    cmd: set PYTHONPATH=. && python src/cnnClassifier/pipeline/stage_01_data_ingestion.py
    deps:
    - path: config/config.yaml
      hash: md5
      md5: e1122f160903e9ed5b26586520449e74
      size: 602
    - path: src/cnnClassifier/pipeline/stage_01_data_ingestion.py
      hash: md5
      md5: 20a481291051169ae6484fd03fc1230b
      size: 904
    outs:
    - path: artifacts/data_ingestion/Chest-CT-Scan-data
      hash: md5
      md5: 904fa45d934ce879b3b1933dca6cb2f1.dir
      size: 49247431
      nfiles: 343
  training:
    cmd: set PYTHONPATH=. && python src/cnnClassifier/pipeline/stage_03_model_trainer.py
    deps:
    - path: artifacts/data_ingestion/Chest-CT-Scan-data
      hash: md5
      md5: 904fa45d934ce879b3b1933dca6cb2f1.dir
      size: 49247431
      nfiles: 343
    - path: artifacts/prepare_base_model
      hash: md5
      md5: 557b3fc74e44a1f153193eab0c804b73.dir
      size: 117972870
      nfiles: 2
    - path: config/config.yaml
      hash: md5
      md5: e1122f160903e9ed5b26586520449e74
      size: 602
    - path: src/cnnClassifier/pipeline/stage_03_model_trainer.py
      hash: md5
      md5: 2a6ad75ab1c21ea46ec98a8452cc48bc
      size: 939
    params:
      params.yaml:
        AUGMENTATION: true
        BATCH_SIZE: 16
        EPOCHS: 5
        IMAGE_SIZE:
        - 224
        - 224
        - 3
    outs:
    - path: artifacts/training/model.keras
      hash: md5
      md5: fc7c6cfa9c945b3265117b59efa33d81
      size: 59242512
  evaluation:
    cmd: set PYTHONPATH=. && python src/cnnClassifier/pipeline/stage_04_model_evaluation.py
    deps:
    - path: artifacts/data_ingestion/Chest-CT-Scan-data
      hash: md5
      md5: 904fa45d934ce879b3b1933dca6cb2f1.dir
      size: 49247431
      nfiles: 343
    - path: artifacts/training/model.keras
      hash: md5
      md5: 5675daa0cf0a7425ecf87591d4a05027
      size: 59236467
    - path: config/config.yaml
      hash: md5
      md5: e1122f160903e9ed5b26586520449e74
      size: 602
    - path: src/cnnClassifier/pipeline/stage_04_model_evaluation.py
      hash: md5
      md5: b433fd61dcc2d8f2f9d26f022b6e0ac7
      size: 925
    params:
      params.yaml:
        BATCH_SIZE: 16
        IMAGE_SIZE:
        - 224
        - 224
        - 3
    outs:
    - path: scores.json
      hash: md5
      md5: a932c23af66eb496d8d5340a836b4aa5
      size: 59
